{
  "nodes": {
    "flake-utils": {
      "locked": {
        "lastModified": 1659877975,
        "narHash": "sha256-zllb8aq3YO3h8B/U0/J1WBgAL8EX5yWf5pMj3G0NAmc=",
        "owner": "numtide",
        "repo": "flake-utils",
        "rev": "c0e246b9b83f637f4681389ecabcb2681b4f3af0",
        "type": "github"
      },
      "original": {
        "owner": "numtide",
        "repo": "flake-utils",
        "type": "github"
      }
    },
    "flake-utils_2": {
      "locked": {
        "lastModified": 1659877975,
        "narHash": "sha256-zllb8aq3YO3h8B/U0/J1WBgAL8EX5yWf5pMj3G0NAmc=",
        "owner": "numtide",
        "repo": "flake-utils",
        "rev": "c0e246b9b83f637f4681389ecabcb2681b4f3af0",
        "type": "github"
      },
      "original": {
        "owner": "numtide",
        "repo": "flake-utils",
        "type": "github"
      }
    },
    "nix-filter": {
      "locked": {
        "lastModified": 1653590866,
        "narHash": "sha256-E4yKIrt/S//WfW5D9IhQ1dVuaAy8RE7EiCMfnbrOC78=",
        "owner": "numtide",
        "repo": "nix-filter",
        "rev": "3e81a637cdf9f6e9b39aeb4d6e6394d1ad158e16",
        "type": "github"
      },
      "original": {
        "owner": "numtide",
        "repo": "nix-filter",
        "type": "github"
      }
    },
    "nixpkgs": {
      "inputs": {
        "flake-utils": "flake-utils_2",
        "nixpkgs": "nixpkgs_2"
      },
      "locked": {
        "lastModified": 1661983453,
        "narHash": "sha256-pDweT+BcrlFjdMS34z6XddWRfRifcLcm/Hb7M989Uks=",
        "owner": "anmonteiro",
        "repo": "nix-overlays",
        "rev": "624e64ffe2fa2d7459d1d189e88c1ac169a7f37a",
        "type": "github"
      },
      "original": {
        "owner": "anmonteiro",
        "repo": "nix-overlays",
        "type": "github"
      }
    },
    "nixpkgs_2": {
      "locked": {
        "lastModified": 1661893200,
        "narHash": "sha256-dyGJsDl+jkyRjE3PsdvuCdYXQQgAzPtKR5QBt8YXboo=",
        "owner": "NixOS",
        "repo": "nixpkgs",
        "rev": "1f455e579bd148796f97e6522602143050437c52",
        "type": "github"
      },
      "original": {
        "owner": "NixOS",
        "repo": "nixpkgs",
        "rev": "1f455e579bd148796f97e6522602143050437c52",
        "type": "github"
      }
    },
    "root": {
      "inputs": {
        "flake-utils": "flake-utils",
        "nix-filter": "nix-filter",
        "nixpkgs": "nixpkgs",
        "tezos": "tezos"
      }
    },
    "tezos": {
      "inputs": {
        "flake-utils": [
          "flake-utils"
        ],
        "nixpkgs": [
          "nixpkgs"
        ],
        "tezos_release": "tezos_release",
        "tezos_trunk": "tezos_trunk"
      },
      "locked": {
        "lastModified": 1656683762,
        "narHash": "sha256-ckZYVPgyCTuwJZqPRptMMX2nBo3zMSh7Nx7enJfOJ7g=",
        "owner": "marigold-dev",
        "repo": "tezos-nix",
        "rev": "cb59263407a451eeb4b8e4064c8837bccf4c2e4e",
        "type": "github"
      },
      "original": {
        "owner": "marigold-dev",
        "repo": "tezos-nix",
        "type": "github"
      }
    },
    "tezos_release": {
      "flake": false,
      "locked": {
        "lastModified": 1651744524,
        "narHash": "sha256-AEY/m3c+6Yo/gqzO+4vzExQ20ICleIUsSFO1qWTO/OI=",
        "owner": "tezos",
        "repo": "tezos",
        "rev": "cb9f439e58c761e76ade589d1cdbd2abb737dc68",
        "type": "gitlab"
      },
      "original": {
        "owner": "tezos",
        "ref": "v13.0",
        "repo": "tezos",
        "type": "gitlab"
      }
    },
    "tezos_trunk": {
      "flake": false,
      "locked": {
        "lastModified": 1656577193,
        "narHash": "sha256-k1wzmuXVY7rm45zkNznLEXeaqM8v789Kzam0xaoXvlI=",
        "owner": "tezos",
        "repo": "tezos",
        "rev": "3829de24b026457d4e6995c21484849e1972f26d",
        "type": "gitlab"
      },
      "original": {
        "owner": "tezos",
        "repo": "tezos",
        "type": "gitlab"
      }
    }
  },
  "root": "root",
  "version": 7
}
