{
  "nodes": {
    "js2nix": {
      "flake": false,
      "locked": {
        "lastModified": 1680501697,
        "narHash": "sha256-Bmv0ERVeb6vjYzy4MuCDgSiz9fSm/Bhg+Xk3AxPisBw=",
        "owner": "canva-public",
        "repo": "js2nix",
        "rev": "d37912f6cc824e7f41bea7a481af1739ca195c8f",
        "type": "github"
      },
      "original": {
        "owner": "canva-public",
        "repo": "js2nix",
        "type": "github"
      }
    },
    "nixpkgs": {
      "locked": {
        "lastModified": 1682566018,
        "narHash": "sha256-HPzPRFiy2o/7k7mtnwfM1E6NVZHiFbPdmYCMoIpkHO4=",
        "owner": "NixOS",
        "repo": "nixpkgs",
        "rev": "8e3b64db39f2aaa14b35ee5376bd6a2e707cadc2",
        "type": "github"
      },
      "original": {
        "owner": "NixOS",
        "ref": "nixpkgs-unstable",
        "repo": "nixpkgs",
        "type": "github"
      }
    },
    "root": {
      "inputs": {
        "js2nix": "js2nix",
        "nixpkgs": "nixpkgs"
      }
    }
  },
  "root": "root",
  "version": 7
}
